
Microsoft Visual Studio Solution File, Format Version 12.00
# Visual Studio 15
VisualStudioVersion = 15.0.27428.2043
MinimumVisualStudioVersion = 10.0.40219.1
Project("{FAE04EC0-301F-11D3-BF4B-00C04F79EFBC}") = "PlexFormat Renamer", "PlexFormat Renamer\PlexFormat Renamer.csproj", "{6BAD191C-47A0-496C-A45B-15808D8FC203}"
EndProject
Global
	GlobalSection(SolutionConfigurationPlatforms) = preSolution
		Debug|Any CPU = Debug|Any CPU
		Release|Any CPU = Release|Any CPU
	EndGlobalSection
	GlobalSection(ProjectConfigurationPlatforms) = postSolution
		{6BAD191C-47A0-496C-A45B-15808D8FC203}.Debug|Any CPU.ActiveCfg = Debug|Any CPU
		{6BAD191C-47A0-496C-A45B-15808D8FC203}.Debug|Any CPU.Build.0 = Debug|Any CPU
		{6BAD191C-47A0-496C-A45B-15808D8FC203}.Release|Any CPU.ActiveCfg = Release|Any CPU
		{6BAD191C-47A0-496C-A45B-15808D8FC203}.Release|Any CPU.Build.0 = Release|Any CPU
	EndGlobalSection
	GlobalSection(SolutionProperties) = preSolution
		HideSolutionNode = FALSE
	EndGlobalSection
	GlobalSection(ExtensibilityGlobals) = postSolution
		SolutionGuid = {DE2032E8-6E1E-44B8-BF6E-570C83FA717C}
	EndGlobalSection
EndGlobal
